
Microsoft Visual Studio Solution File, Format Version 12.00
# Visual Studio Version 17
VisualStudioVersion = 17.8.34330.188
MinimumVisualStudioVersion = 10.0.40219.1
Project("{FAE04EC0-301F-11D3-BF4B-00C04F79EFBC}") = "RendeurMonnaie", "RendeurMonnaie.csproj", "{BA753446-9032-4CD9-8D7D-114D2A633653}"
EndProject
Global
	GlobalSection(SolutionConfigurationPlatforms) = preSolution
		Debug|Any CPU = Debug|Any CPU
		Release|Any CPU = Release|Any CPU
	EndGlobalSection
	GlobalSection(ProjectConfigurationPlatforms) = postSolution
		{BA753446-9032-4CD9-8D7D-114D2A633653}.Debug|Any CPU.ActiveCfg = Debug|Any CPU
		{BA753446-9032-4CD9-8D7D-114D2A633653}.Debug|Any CPU.Build.0 = Debug|Any CPU
		{BA753446-9032-4CD9-8D7D-114D2A633653}.Release|Any CPU.ActiveCfg = Release|Any CPU
		{BA753446-9032-4CD9-8D7D-114D2A633653}.Release|Any CPU.Build.0 = Release|Any CPU
	EndGlobalSection
	GlobalSection(SolutionProperties) = preSolution
		HideSolutionNode = FALSE
	EndGlobalSection
	GlobalSection(ExtensibilityGlobals) = postSolution
		SolutionGuid = {F8798884-0E47-4AF8-8110-DCA19CFD2F27}
	EndGlobalSection
EndGlobal
